
Microsoft Visual Studio Solution File, Format Version 12.00
# Visual Studio Version 17
VisualStudioVersion = 17.10.34814.14
MinimumVisualStudioVersion = 10.0.40219.1
Project("{8BC9CEB8-8B4A-11D0-8D11-00A0C91BC942}") = "Bai01", "Bai01\Bai01.vcxproj", "{20CDAE04-4476-4210-A17E-1E31D307FC53}"
EndProject
Project("{8BC9CEB8-8B4A-11D0-8D11-00A0C91BC942}") = "Bai02", "Bai02\Bai02.vcxproj", "{6AAFEFE8-41A6-48BD-B75C-632366560F92}"
EndProject
Project("{8BC9CEB8-8B4A-11D0-8D11-00A0C91BC942}") = "Bai03", "Bai03\Bai03.vcxproj", "{69931B69-5AD0-43C5-BCF4-75CD6F21AE4F}"
EndProject
Project("{8BC9CEB8-8B4A-11D0-8D11-00A0C91BC942}") = "Bai04", "Bai04\Bai04.vcxproj", "{D48B9B1A-F8AC-4793-AE0A-811531EB5DAC}"
EndProject
Project("{8BC9CEB8-8B4A-11D0-8D11-00A0C91BC942}") = "Bai05", "Bai05\Bai05.vcxproj", "{DD64B6DE-CB55-405B-847B-FB504570AC46}"
EndProject
Project("{8BC9CEB8-8B4A-11D0-8D11-00A0C91BC942}") = "Bai06", "Bai06\Bai06.vcxproj", "{BCD9E256-1E22-466B-B0D3-F5EDF10707FB}"
EndProject
Project("{8BC9CEB8-8B4A-11D0-8D11-00A0C91BC942}") = "Bai07", "Bai07\Bai07.vcxproj", "{981F3162-AB70-4A4C-B2BB-1313752C3B57}"
EndProject
Project("{8BC9CEB8-8B4A-11D0-8D11-00A0C91BC942}") = "Bai08", "Bai08\Bai08.vcxproj", "{2B7BC698-E59D-4B2B-B093-48677ADE2058}"
EndProject
Project("{8BC9CEB8-8B4A-11D0-8D11-00A0C91BC942}") = "Bai09", "Bai09\Bai09.vcxproj", "{FBC7115D-CABF-4320-80CA-7FAE2CC19477}"
EndProject
Project("{8BC9CEB8-8B4A-11D0-8D11-00A0C91BC942}") = "Bai10", "Bai10\Bai10.vcxproj", "{F2B0F621-8C26-44B0-916D-0C410AA1B71B}"
EndProject
Project("{8BC9CEB8-8B4A-11D0-8D11-00A0C91BC942}") = "Bai11", "Bai11\Bai11.vcxproj", "{DD87023D-2273-452B-87EF-AA61171BF5F1}"
EndProject
Project("{8BC9CEB8-8B4A-11D0-8D11-00A0C91BC942}") = "Bai12", "Bai12\Bai12.vcxproj", "{D76C3367-4D66-4BC0-AB8D-A33ED5308DFC}"
EndProject
Global
	GlobalSection(SolutionConfigurationPlatforms) = preSolution
		Debug|x64 = Debug|x64
		Debug|x86 = Debug|x86
		Release|x64 = Release|x64
		Release|x86 = Release|x86
	EndGlobalSection
	GlobalSection(ProjectConfigurationPlatforms) = postSolution
		{20CDAE04-4476-4210-A17E-1E31D307FC53}.Debug|x64.ActiveCfg = Debug|x64
		{20CDAE04-4476-4210-A17E-1E31D307FC53}.Debug|x64.Build.0 = Debug|x64
		{20CDAE04-4476-4210-A17E-1E31D307FC53}.Debug|x86.ActiveCfg = Debug|Win32
		{20CDAE04-4476-4210-A17E-1E31D307FC53}.Debug|x86.Build.0 = Debug|Win32
		{20CDAE04-4476-4210-A17E-1E31D307FC53}.Release|x64.ActiveCfg = Release|x64
		{20CDAE04-4476-4210-A17E-1E31D307FC53}.Release|x64.Build.0 = Release|x64
		{20CDAE04-4476-4210-A17E-1E31D307FC53}.Release|x86.ActiveCfg = Release|Win32
		{20CDAE04-4476-4210-A17E-1E31D307FC53}.Release|x86.Build.0 = Release|Win32
		{6AAFEFE8-41A6-48BD-B75C-632366560F92}.Debug|x64.ActiveCfg = Debug|x64
		{6AAFEFE8-41A6-48BD-B75C-632366560F92}.Debug|x64.Build.0 = Debug|x64
		{6AAFEFE8-41A6-48BD-B75C-632366560F92}.Debug|x86.ActiveCfg = Debug|Win32
		{6AAFEFE8-41A6-48BD-B75C-632366560F92}.Debug|x86.Build.0 = Debug|Win32
		{6AAFEFE8-41A6-48BD-B75C-632366560F92}.Release|x64.ActiveCfg = Release|x64
		{6AAFEFE8-41A6-48BD-B75C-632366560F92}.Release|x64.Build.0 = Release|x64
		{6AAFEFE8-41A6-48BD-B75C-632366560F92}.Release|x86.ActiveCfg = Release|Win32
		{6AAFEFE8-41A6-48BD-B75C-632366560F92}.Release|x86.Build.0 = Release|Win32
		{69931B69-5AD0-43C5-BCF4-75CD6F21AE4F}.Debug|x64.ActiveCfg = Debug|x64
		{69931B69-5AD0-43C5-BCF4-75CD6F21AE4F}.Debug|x64.Build.0 = Debug|x64
		{69931B69-5AD0-43C5-BCF4-75CD6F21AE4F}.Debug|x86.ActiveCfg = Debug|Win32
		{69931B69-5AD0-43C5-BCF4-75CD6F21AE4F}.Debug|x86.Build.0 = Debug|Win32
		{69931B69-5AD0-43C5-BCF4-75CD6F21AE4F}.Release|x64.ActiveCfg = Release|x64
		{69931B69-5AD0-43C5-BCF4-75CD6F21AE4F}.Release|x64.Build.0 = Release|x64
		{69931B69-5AD0-43C5-BCF4-75CD6F21AE4F}.Release|x86.ActiveCfg = Release|Win32
		{69931B69-5AD0-43C5-BCF4-75CD6F21AE4F}.Release|x86.Build.0 = Release|Win32
		{D48B9B1A-F8AC-4793-AE0A-811531EB5DAC}.Debug|x64.ActiveCfg = Debug|x64
		{D48B9B1A-F8AC-4793-AE0A-811531EB5DAC}.Debug|x64.Build.0 = Debug|x64
		{D48B9B1A-F8AC-4793-AE0A-811531EB5DAC}.Debug|x86.ActiveCfg = Debug|Win32
		{D48B9B1A-F8AC-4793-AE0A-811531EB5DAC}.Debug|x86.Build.0 = Debug|Win32
		{D48B9B1A-F8AC-4793-AE0A-811531EB5DAC}.Release|x64.ActiveCfg = Release|x64
		{D48B9B1A-F8AC-4793-AE0A-811531EB5DAC}.Release|x64.Build.0 = Release|x64
		{D48B9B1A-F8AC-4793-AE0A-811531EB5DAC}.Release|x86.ActiveCfg = Release|Win32
		{D48B9B1A-F8AC-4793-AE0A-811531EB5DAC}.Release|x86.Build.0 = Release|Win32
		{DD64B6DE-CB55-405B-847B-FB504570AC46}.Debug|x64.ActiveCfg = Debug|x64
		{DD64B6DE-CB55-405B-847B-FB504570AC46}.Debug|x64.Build.0 = Debug|x64
		{DD64B6DE-CB55-405B-847B-FB504570AC46}.Debug|x86.ActiveCfg = Debug|Win32
		{DD64B6DE-CB55-405B-847B-FB504570AC46}.Debug|x86.Build.0 = Debug|Win32
		{DD64B6DE-CB55-405B-847B-FB504570AC46}.Release|x64.ActiveCfg = Release|x64
		{DD64B6DE-CB55-405B-847B-FB504570AC46}.Release|x64.Build.0 = Release|x64
		{DD64B6DE-CB55-405B-847B-FB504570AC46}.Release|x86.ActiveCfg = Release|Win32
		{DD64B6DE-CB55-405B-847B-FB504570AC46}.Release|x86.Build.0 = Release|Win32
		{BCD9E256-1E22-466B-B0D3-F5EDF10707FB}.Debug|x64.ActiveCfg = Debug|x64
		{BCD9E256-1E22-466B-B0D3-F5EDF10707FB}.Debug|x64.Build.0 = Debug|x64
		{BCD9E256-1E22-466B-B0D3-F5EDF10707FB}.Debug|x86.ActiveCfg = Debug|Win32
		{BCD9E256-1E22-466B-B0D3-F5EDF10707FB}.Debug|x86.Build.0 = Debug|Win32
		{BCD9E256-1E22-466B-B0D3-F5EDF10707FB}.Release|x64.ActiveCfg = Release|x64
		{BCD9E256-1E22-466B-B0D3-F5EDF10707FB}.Release|x64.Build.0 = Release|x64
		{BCD9E256-1E22-466B-B0D3-F5EDF10707FB}.Release|x86.ActiveCfg = Release|Win32
		{BCD9E256-1E22-466B-B0D3-F5EDF10707FB}.Release|x86.Build.0 = Release|Win32
		{981F3162-AB70-4A4C-B2BB-1313752C3B57}.Debug|x64.ActiveCfg = Debug|x64
		{981F3162-AB70-4A4C-B2BB-1313752C3B57}.Debug|x64.Build.0 = Debug|x64
		{981F3162-AB70-4A4C-B2BB-1313752C3B57}.Debug|x86.ActiveCfg = Debug|Win32
		{981F3162-AB70-4A4C-B2BB-1313752C3B57}.Debug|x86.Build.0 = Debug|Win32
		{981F3162-AB70-4A4C-B2BB-1313752C3B57}.Release|x64.ActiveCfg = Release|x64
		{981F3162-AB70-4A4C-B2BB-1313752C3B57}.Release|x64.Build.0 = Release|x64
		{981F3162-AB70-4A4C-B2BB-1313752C3B57}.Release|x86.ActiveCfg = Release|Win32
		{981F3162-AB70-4A4C-B2BB-1313752C3B57}.Release|x86.Build.0 = Release|Win32
		{2B7BC698-E59D-4B2B-B093-48677ADE2058}.Debug|x64.ActiveCfg = Debug|x64
		{2B7BC698-E59D-4B2B-B093-48677ADE2058}.Debug|x64.Build.0 = Debug|x64
		{2B7BC698-E59D-4B2B-B093-48677ADE2058}.Debug|x86.ActiveCfg = Debug|Win32
		{2B7BC698-E59D-4B2B-B093-48677ADE2058}.Debug|x86.Build.0 = Debug|Win32
		{2B7BC698-E59D-4B2B-B093-48677ADE2058}.Release|x64.ActiveCfg = Release|x64
		{2B7BC698-E59D-4B2B-B093-48677ADE2058}.Release|x64.Build.0 = Release|x64
		{2B7BC698-E59D-4B2B-B093-48677ADE2058}.Release|x86.ActiveCfg = Release|Win32
		{2B7BC698-E59D-4B2B-B093-48677ADE2058}.Release|x86.Build.0 = Release|Win32
		{FBC7115D-CABF-4320-80CA-7FAE2CC19477}.Debug|x64.ActiveCfg = Debug|x64
		{FBC7115D-CABF-4320-80CA-7FAE2CC19477}.Debug|x64.Build.0 = Debug|x64
		{FBC7115D-CABF-4320-80CA-7FAE2CC19477}.Debug|x86.ActiveCfg = Debug|Win32
		{FBC7115D-CABF-4320-80CA-7FAE2CC19477}.Debug|x86.Build.0 = Debug|Win32
		{FBC7115D-CABF-4320-80CA-7FAE2CC19477}.Release|x64.ActiveCfg = Release|x64
		{FBC7115D-CABF-4320-80CA-7FAE2CC19477}.Release|x64.Build.0 = Release|x64
		{FBC7115D-CABF-4320-80CA-7FAE2CC19477}.Release|x86.ActiveCfg = Release|Win32
		{FBC7115D-CABF-4320-80CA-7FAE2CC19477}.Release|x86.Build.0 = Release|Win32
		{F2B0F621-8C26-44B0-916D-0C410AA1B71B}.Debug|x64.ActiveCfg = Debug|x64
		{F2B0F621-8C26-44B0-916D-0C410AA1B71B}.Debug|x64.Build.0 = Debug|x64
		{F2B0F621-8C26-44B0-916D-0C410AA1B71B}.Debug|x86.ActiveCfg = Debug|Win32
		{F2B0F621-8C26-44B0-916D-0C410AA1B71B}.Debug|x86.Build.0 = Debug|Win32
		{F2B0F621-8C26-44B0-916D-0C410AA1B71B}.Release|x64.ActiveCfg = Release|x64
		{F2B0F621-8C26-44B0-916D-0C410AA1B71B}.Release|x64.Build.0 = Release|x64
		{F2B0F621-8C26-44B0-916D-0C410AA1B71B}.Release|x86.ActiveCfg = Release|Win32
		{F2B0F621-8C26-44B0-916D-0C410AA1B71B}.Release|x86.Build.0 = Release|Win32
		{DD87023D-2273-452B-87EF-AA61171BF5F1}.Debug|x64.ActiveCfg = Debug|x64
		{DD87023D-2273-452B-87EF-AA61171BF5F1}.Debug|x64.Build.0 = Debug|x64
		{DD87023D-2273-452B-87EF-AA61171BF5F1}.Debug|x86.ActiveCfg = Debug|Win32
		{DD87023D-2273-452B-87EF-AA61171BF5F1}.Debug|x86.Build.0 = Debug|Win32
		{DD87023D-2273-452B-87EF-AA61171BF5F1}.Release|x64.ActiveCfg = Release|x64
		{DD87023D-2273-452B-87EF-AA61171BF5F1}.Release|x64.Build.0 = Release|x64
		{DD87023D-2273-452B-87EF-AA61171BF5F1}.Release|x86.ActiveCfg = Release|Win32
		{DD87023D-2273-452B-87EF-AA61171BF5F1}.Release|x86.Build.0 = Release|Win32
		{D76C3367-4D66-4BC0-AB8D-A33ED5308DFC}.Debug|x64.ActiveCfg = Debug|x64
		{D76C3367-4D66-4BC0-AB8D-A33ED5308DFC}.Debug|x64.Build.0 = Debug|x64
		{D76C3367-4D66-4BC0-AB8D-A33ED5308DFC}.Debug|x86.ActiveCfg = Debug|Win32
		{D76C3367-4D66-4BC0-AB8D-A33ED5308DFC}.Debug|x86.Build.0 = Debug|Win32
		{D76C3367-4D66-4BC0-AB8D-A33ED5308DFC}.Release|x64.ActiveCfg = Release|x64
		{D76C3367-4D66-4BC0-AB8D-A33ED5308DFC}.Release|x64.Build.0 = Release|x64
		{D76C3367-4D66-4BC0-AB8D-A33ED5308DFC}.Release|x86.ActiveCfg = Release|Win32
		{D76C3367-4D66-4BC0-AB8D-A33ED5308DFC}.Release|x86.Build.0 = Release|Win32
	EndGlobalSection
	GlobalSection(SolutionProperties) = preSolution
		HideSolutionNode = FALSE
	EndGlobalSection
	GlobalSection(ExtensibilityGlobals) = postSolution
		SolutionGuid = {AF042559-FFFC-45E4-84FB-5A46F43620C2}
	EndGlobalSection
EndGlobal
