
Microsoft Visual Studio Solution File, Format Version 12.00
# Visual Studio Version 17
VisualStudioVersion = 17.9.34616.47
MinimumVisualStudioVersion = 10.0.40219.1
Project("{8BC9CEB8-8B4A-11D0-8D11-00A0C91BC942}") = "Stack", "Stack\Stack.vcxproj", "{740E2D80-AF25-4BAB-A753-164C2775AF74}"
EndProject
Project("{8BC9CEB8-8B4A-11D0-8D11-00A0C91BC942}") = "Stack01", "Stack01\Stack01.vcxproj", "{AE788664-B0DB-4ECC-9CAA-54182D69215C}"
EndProject
Global
	GlobalSection(SolutionConfigurationPlatforms) = preSolution
		Debug|x64 = Debug|x64
		Debug|x86 = Debug|x86
		Release|x64 = Release|x64
		Release|x86 = Release|x86
	EndGlobalSection
	GlobalSection(ProjectConfigurationPlatforms) = postSolution
		{740E2D80-AF25-4BAB-A753-164C2775AF74}.Debug|x64.ActiveCfg = Debug|x64
		{740E2D80-AF25-4BAB-A753-164C2775AF74}.Debug|x64.Build.0 = Debug|x64
		{740E2D80-AF25-4BAB-A753-164C2775AF74}.Debug|x86.ActiveCfg = Debug|Win32
		{740E2D80-AF25-4BAB-A753-164C2775AF74}.Debug|x86.Build.0 = Debug|Win32
		{740E2D80-AF25-4BAB-A753-164C2775AF74}.Release|x64.ActiveCfg = Release|x64
		{740E2D80-AF25-4BAB-A753-164C2775AF74}.Release|x64.Build.0 = Release|x64
		{740E2D80-AF25-4BAB-A753-164C2775AF74}.Release|x86.ActiveCfg = Release|Win32
		{740E2D80-AF25-4BAB-A753-164C2775AF74}.Release|x86.Build.0 = Release|Win32
		{AE788664-B0DB-4ECC-9CAA-54182D69215C}.Debug|x64.ActiveCfg = Debug|x64
		{AE788664-B0DB-4ECC-9CAA-54182D69215C}.Debug|x64.Build.0 = Debug|x64
		{AE788664-B0DB-4ECC-9CAA-54182D69215C}.Debug|x86.ActiveCfg = Debug|Win32
		{AE788664-B0DB-4ECC-9CAA-54182D69215C}.Debug|x86.Build.0 = Debug|Win32
		{AE788664-B0DB-4ECC-9CAA-54182D69215C}.Release|x64.ActiveCfg = Release|x64
		{AE788664-B0DB-4ECC-9CAA-54182D69215C}.Release|x64.Build.0 = Release|x64
		{AE788664-B0DB-4ECC-9CAA-54182D69215C}.Release|x86.ActiveCfg = Release|Win32
		{AE788664-B0DB-4ECC-9CAA-54182D69215C}.Release|x86.Build.0 = Release|Win32
	EndGlobalSection
	GlobalSection(SolutionProperties) = preSolution
		HideSolutionNode = FALSE
	EndGlobalSection
	GlobalSection(ExtensibilityGlobals) = postSolution
		SolutionGuid = {07E42031-71F7-4068-A4EE-C09407EDE7AE}
	EndGlobalSection
EndGlobal
