
Microsoft Visual Studio Solution File, Format Version 12.00
# Visual Studio Version 17
VisualStudioVersion = 17.9.34616.47
MinimumVisualStudioVersion = 10.0.40219.1
Project("{8BC9CEB8-8B4A-11D0-8D11-00A0C91BC942}") = "Bai01", "Bai01\Bai01.vcxproj", "{8EE32EC6-308B-4FC2-975A-55F7E1421C81}"
EndProject
Project("{8BC9CEB8-8B4A-11D0-8D11-00A0C91BC942}") = "Bai02", "Bai02\Bai02.vcxproj", "{73288A4C-B7E9-433D-A9C1-ECF6831ACAAD}"
EndProject
Project("{8BC9CEB8-8B4A-11D0-8D11-00A0C91BC942}") = "Bai03", "Bai03\Bai03.vcxproj", "{3689510A-1887-4953-871A-884A7926E9CB}"
EndProject
Project("{8BC9CEB8-8B4A-11D0-8D11-00A0C91BC942}") = "Bai04", "Bai04\Bai04.vcxproj", "{72DD69FF-9914-4C3B-959B-F574DAD13270}"
EndProject
Project("{8BC9CEB8-8B4A-11D0-8D11-00A0C91BC942}") = "Bai05", "Bai05\Bai05.vcxproj", "{7C460166-32BA-4B1C-9475-A224950F1F7F}"
EndProject
Project("{8BC9CEB8-8B4A-11D0-8D11-00A0C91BC942}") = "Bai06", "Bai06\Bai06.vcxproj", "{14910292-E0A1-4B7C-A7AE-6A0B9C8DB110}"
EndProject
Project("{8BC9CEB8-8B4A-11D0-8D11-00A0C91BC942}") = "Bai07", "Bai07\Bai07.vcxproj", "{2DE0B859-01BD-45CC-BFB1-B4BDCD503495}"
EndProject
Project("{8BC9CEB8-8B4A-11D0-8D11-00A0C91BC942}") = "Bai08", "Bai08\Bai08.vcxproj", "{B2C520DB-7E82-4945-841D-863A70FD09C7}"
EndProject
Project("{8BC9CEB8-8B4A-11D0-8D11-00A0C91BC942}") = "Bai09", "Bai09\Bai09.vcxproj", "{6E5D2E90-F8A1-47CA-8545-888EFFACE12E}"
EndProject
Project("{8BC9CEB8-8B4A-11D0-8D11-00A0C91BC942}") = "Bai10", "Bai10\Bai10.vcxproj", "{55EF59D8-0E60-4CC1-A92A-5FC726159F8D}"
EndProject
Project("{8BC9CEB8-8B4A-11D0-8D11-00A0C91BC942}") = "Bai11", "Bai11\Bai11.vcxproj", "{CDC4F76C-A516-4527-A1A6-1247FDA8B050}"
EndProject
Global
	GlobalSection(SolutionConfigurationPlatforms) = preSolution
		Debug|x64 = Debug|x64
		Debug|x86 = Debug|x86
		Release|x64 = Release|x64
		Release|x86 = Release|x86
	EndGlobalSection
	GlobalSection(ProjectConfigurationPlatforms) = postSolution
		{8EE32EC6-308B-4FC2-975A-55F7E1421C81}.Debug|x64.ActiveCfg = Debug|x64
		{8EE32EC6-308B-4FC2-975A-55F7E1421C81}.Debug|x64.Build.0 = Debug|x64
		{8EE32EC6-308B-4FC2-975A-55F7E1421C81}.Debug|x86.ActiveCfg = Debug|Win32
		{8EE32EC6-308B-4FC2-975A-55F7E1421C81}.Debug|x86.Build.0 = Debug|Win32
		{8EE32EC6-308B-4FC2-975A-55F7E1421C81}.Release|x64.ActiveCfg = Release|x64
		{8EE32EC6-308B-4FC2-975A-55F7E1421C81}.Release|x64.Build.0 = Release|x64
		{8EE32EC6-308B-4FC2-975A-55F7E1421C81}.Release|x86.ActiveCfg = Release|Win32
		{8EE32EC6-308B-4FC2-975A-55F7E1421C81}.Release|x86.Build.0 = Release|Win32
		{73288A4C-B7E9-433D-A9C1-ECF6831ACAAD}.Debug|x64.ActiveCfg = Debug|x64
		{73288A4C-B7E9-433D-A9C1-ECF6831ACAAD}.Debug|x64.Build.0 = Debug|x64
		{73288A4C-B7E9-433D-A9C1-ECF6831ACAAD}.Debug|x86.ActiveCfg = Debug|Win32
		{73288A4C-B7E9-433D-A9C1-ECF6831ACAAD}.Debug|x86.Build.0 = Debug|Win32
		{73288A4C-B7E9-433D-A9C1-ECF6831ACAAD}.Release|x64.ActiveCfg = Release|x64
		{73288A4C-B7E9-433D-A9C1-ECF6831ACAAD}.Release|x64.Build.0 = Release|x64
		{73288A4C-B7E9-433D-A9C1-ECF6831ACAAD}.Release|x86.ActiveCfg = Release|Win32
		{73288A4C-B7E9-433D-A9C1-ECF6831ACAAD}.Release|x86.Build.0 = Release|Win32
		{3689510A-1887-4953-871A-884A7926E9CB}.Debug|x64.ActiveCfg = Debug|x64
		{3689510A-1887-4953-871A-884A7926E9CB}.Debug|x64.Build.0 = Debug|x64
		{3689510A-1887-4953-871A-884A7926E9CB}.Debug|x86.ActiveCfg = Debug|Win32
		{3689510A-1887-4953-871A-884A7926E9CB}.Debug|x86.Build.0 = Debug|Win32
		{3689510A-1887-4953-871A-884A7926E9CB}.Release|x64.ActiveCfg = Release|x64
		{3689510A-1887-4953-871A-884A7926E9CB}.Release|x64.Build.0 = Release|x64
		{3689510A-1887-4953-871A-884A7926E9CB}.Release|x86.ActiveCfg = Release|Win32
		{3689510A-1887-4953-871A-884A7926E9CB}.Release|x86.Build.0 = Release|Win32
		{72DD69FF-9914-4C3B-959B-F574DAD13270}.Debug|x64.ActiveCfg = Debug|x64
		{72DD69FF-9914-4C3B-959B-F574DAD13270}.Debug|x64.Build.0 = Debug|x64
		{72DD69FF-9914-4C3B-959B-F574DAD13270}.Debug|x86.ActiveCfg = Debug|Win32
		{72DD69FF-9914-4C3B-959B-F574DAD13270}.Debug|x86.Build.0 = Debug|Win32
		{72DD69FF-9914-4C3B-959B-F574DAD13270}.Release|x64.ActiveCfg = Release|x64
		{72DD69FF-9914-4C3B-959B-F574DAD13270}.Release|x64.Build.0 = Release|x64
		{72DD69FF-9914-4C3B-959B-F574DAD13270}.Release|x86.ActiveCfg = Release|Win32
		{72DD69FF-9914-4C3B-959B-F574DAD13270}.Release|x86.Build.0 = Release|Win32
		{7C460166-32BA-4B1C-9475-A224950F1F7F}.Debug|x64.ActiveCfg = Debug|x64
		{7C460166-32BA-4B1C-9475-A224950F1F7F}.Debug|x64.Build.0 = Debug|x64
		{7C460166-32BA-4B1C-9475-A224950F1F7F}.Debug|x86.ActiveCfg = Debug|Win32
		{7C460166-32BA-4B1C-9475-A224950F1F7F}.Debug|x86.Build.0 = Debug|Win32
		{7C460166-32BA-4B1C-9475-A224950F1F7F}.Release|x64.ActiveCfg = Release|x64
		{7C460166-32BA-4B1C-9475-A224950F1F7F}.Release|x64.Build.0 = Release|x64
		{7C460166-32BA-4B1C-9475-A224950F1F7F}.Release|x86.ActiveCfg = Release|Win32
		{7C460166-32BA-4B1C-9475-A224950F1F7F}.Release|x86.Build.0 = Release|Win32
		{14910292-E0A1-4B7C-A7AE-6A0B9C8DB110}.Debug|x64.ActiveCfg = Debug|x64
		{14910292-E0A1-4B7C-A7AE-6A0B9C8DB110}.Debug|x64.Build.0 = Debug|x64
		{14910292-E0A1-4B7C-A7AE-6A0B9C8DB110}.Debug|x86.ActiveCfg = Debug|Win32
		{14910292-E0A1-4B7C-A7AE-6A0B9C8DB110}.Debug|x86.Build.0 = Debug|Win32
		{14910292-E0A1-4B7C-A7AE-6A0B9C8DB110}.Release|x64.ActiveCfg = Release|x64
		{14910292-E0A1-4B7C-A7AE-6A0B9C8DB110}.Release|x64.Build.0 = Release|x64
		{14910292-E0A1-4B7C-A7AE-6A0B9C8DB110}.Release|x86.ActiveCfg = Release|Win32
		{14910292-E0A1-4B7C-A7AE-6A0B9C8DB110}.Release|x86.Build.0 = Release|Win32
		{2DE0B859-01BD-45CC-BFB1-B4BDCD503495}.Debug|x64.ActiveCfg = Debug|x64
		{2DE0B859-01BD-45CC-BFB1-B4BDCD503495}.Debug|x64.Build.0 = Debug|x64
		{2DE0B859-01BD-45CC-BFB1-B4BDCD503495}.Debug|x86.ActiveCfg = Debug|Win32
		{2DE0B859-01BD-45CC-BFB1-B4BDCD503495}.Debug|x86.Build.0 = Debug|Win32
		{2DE0B859-01BD-45CC-BFB1-B4BDCD503495}.Release|x64.ActiveCfg = Release|x64
		{2DE0B859-01BD-45CC-BFB1-B4BDCD503495}.Release|x64.Build.0 = Release|x64
		{2DE0B859-01BD-45CC-BFB1-B4BDCD503495}.Release|x86.ActiveCfg = Release|Win32
		{2DE0B859-01BD-45CC-BFB1-B4BDCD503495}.Release|x86.Build.0 = Release|Win32
		{B2C520DB-7E82-4945-841D-863A70FD09C7}.Debug|x64.ActiveCfg = Debug|x64
		{B2C520DB-7E82-4945-841D-863A70FD09C7}.Debug|x64.Build.0 = Debug|x64
		{B2C520DB-7E82-4945-841D-863A70FD09C7}.Debug|x86.ActiveCfg = Debug|Win32
		{B2C520DB-7E82-4945-841D-863A70FD09C7}.Debug|x86.Build.0 = Debug|Win32
		{B2C520DB-7E82-4945-841D-863A70FD09C7}.Release|x64.ActiveCfg = Release|x64
		{B2C520DB-7E82-4945-841D-863A70FD09C7}.Release|x64.Build.0 = Release|x64
		{B2C520DB-7E82-4945-841D-863A70FD09C7}.Release|x86.ActiveCfg = Release|Win32
		{B2C520DB-7E82-4945-841D-863A70FD09C7}.Release|x86.Build.0 = Release|Win32
		{6E5D2E90-F8A1-47CA-8545-888EFFACE12E}.Debug|x64.ActiveCfg = Debug|x64
		{6E5D2E90-F8A1-47CA-8545-888EFFACE12E}.Debug|x64.Build.0 = Debug|x64
		{6E5D2E90-F8A1-47CA-8545-888EFFACE12E}.Debug|x86.ActiveCfg = Debug|Win32
		{6E5D2E90-F8A1-47CA-8545-888EFFACE12E}.Debug|x86.Build.0 = Debug|Win32
		{6E5D2E90-F8A1-47CA-8545-888EFFACE12E}.Release|x64.ActiveCfg = Release|x64
		{6E5D2E90-F8A1-47CA-8545-888EFFACE12E}.Release|x64.Build.0 = Release|x64
		{6E5D2E90-F8A1-47CA-8545-888EFFACE12E}.Release|x86.ActiveCfg = Release|Win32
		{6E5D2E90-F8A1-47CA-8545-888EFFACE12E}.Release|x86.Build.0 = Release|Win32
		{55EF59D8-0E60-4CC1-A92A-5FC726159F8D}.Debug|x64.ActiveCfg = Debug|x64
		{55EF59D8-0E60-4CC1-A92A-5FC726159F8D}.Debug|x64.Build.0 = Debug|x64
		{55EF59D8-0E60-4CC1-A92A-5FC726159F8D}.Debug|x86.ActiveCfg = Debug|Win32
		{55EF59D8-0E60-4CC1-A92A-5FC726159F8D}.Debug|x86.Build.0 = Debug|Win32
		{55EF59D8-0E60-4CC1-A92A-5FC726159F8D}.Release|x64.ActiveCfg = Release|x64
		{55EF59D8-0E60-4CC1-A92A-5FC726159F8D}.Release|x64.Build.0 = Release|x64
		{55EF59D8-0E60-4CC1-A92A-5FC726159F8D}.Release|x86.ActiveCfg = Release|Win32
		{55EF59D8-0E60-4CC1-A92A-5FC726159F8D}.Release|x86.Build.0 = Release|Win32
		{CDC4F76C-A516-4527-A1A6-1247FDA8B050}.Debug|x64.ActiveCfg = Debug|x64
		{CDC4F76C-A516-4527-A1A6-1247FDA8B050}.Debug|x64.Build.0 = Debug|x64
		{CDC4F76C-A516-4527-A1A6-1247FDA8B050}.Debug|x86.ActiveCfg = Debug|Win32
		{CDC4F76C-A516-4527-A1A6-1247FDA8B050}.Debug|x86.Build.0 = Debug|Win32
		{CDC4F76C-A516-4527-A1A6-1247FDA8B050}.Release|x64.ActiveCfg = Release|x64
		{CDC4F76C-A516-4527-A1A6-1247FDA8B050}.Release|x64.Build.0 = Release|x64
		{CDC4F76C-A516-4527-A1A6-1247FDA8B050}.Release|x86.ActiveCfg = Release|Win32
		{CDC4F76C-A516-4527-A1A6-1247FDA8B050}.Release|x86.Build.0 = Release|Win32
	EndGlobalSection
	GlobalSection(SolutionProperties) = preSolution
		HideSolutionNode = FALSE
	EndGlobalSection
	GlobalSection(ExtensibilityGlobals) = postSolution
		SolutionGuid = {1744DA5E-192F-423B-937C-0DD24F96820E}
	EndGlobalSection
EndGlobal
